
Microsoft Visual Studio Solution File, Format Version 12.00
# Visual Studio Version 16
VisualStudioVersion = 16.0.31424.327
MinimumVisualStudioVersion = 10.0.40219.1
Project("{FAE04EC0-301F-11D3-BF4B-00C04F79EFBC}") = "Bit_Demo", "Bit_Demo\Bit_Demo.csproj", "{DA0D15C8-8F0E-47DB-BBF7-1C8DCAA03CC3}"
EndProject
Project("{2150E333-8FDC-42A3-9474-1A3956D46DE8}") = "Solution Items", "Solution Items", "{583793BE-B68E-49CF-9F8A-43947CF96C48}"
	ProjectSection(SolutionItems) = preProject
		nuget.config = nuget.config
	EndProjectSection
EndProject
Global
	GlobalSection(SolutionConfigurationPlatforms) = preSolution
		Debug|Any CPU = Debug|Any CPU
		Release|Any CPU = Release|Any CPU
	EndGlobalSection
	GlobalSection(ProjectConfigurationPlatforms) = postSolution
		{DA0D15C8-8F0E-47DB-BBF7-1C8DCAA03CC3}.Debug|Any CPU.ActiveCfg = Debug|Any CPU
		{DA0D15C8-8F0E-47DB-BBF7-1C8DCAA03CC3}.Debug|Any CPU.Build.0 = Debug|Any CPU
		{DA0D15C8-8F0E-47DB-BBF7-1C8DCAA03CC3}.Release|Any CPU.ActiveCfg = Release|Any CPU
		{DA0D15C8-8F0E-47DB-BBF7-1C8DCAA03CC3}.Release|Any CPU.Build.0 = Release|Any CPU
	EndGlobalSection
	GlobalSection(SolutionProperties) = preSolution
		HideSolutionNode = FALSE
	EndGlobalSection
	GlobalSection(ExtensibilityGlobals) = postSolution
		SolutionGuid = {256B162C-D0DC-44DE-841E-43215B96ABAB}
	EndGlobalSection
EndGlobal
